
Microsoft Visual Studio Solution File, Format Version 12.00
# Visual Studio 2012
Project("{FAE04EC0-301F-11D3-BF4B-00C04F79EFBC}") = "StudentRegister", "StudentRegister\StudentRegister.csproj", "{CF865DC7-6BCB-45A8-94CA-D51870B5C9FA}"
EndProject
Global
	GlobalSection(SolutionConfigurationPlatforms) = preSolution
		Debug|Any CPU = Debug|Any CPU
		Release|Any CPU = Release|Any CPU
	EndGlobalSection
	GlobalSection(ProjectConfigurationPlatforms) = postSolution
		{CF865DC7-6BCB-45A8-94CA-D51870B5C9FA}.Debug|Any CPU.ActiveCfg = Debug|Any CPU
		{CF865DC7-6BCB-45A8-94CA-D51870B5C9FA}.Debug|Any CPU.Build.0 = Debug|Any CPU
		{CF865DC7-6BCB-45A8-94CA-D51870B5C9FA}.Release|Any CPU.ActiveCfg = Release|Any CPU
		{CF865DC7-6BCB-45A8-94CA-D51870B5C9FA}.Release|Any CPU.Build.0 = Release|Any CPU
	EndGlobalSection
	GlobalSection(SolutionProperties) = preSolution
		HideSolutionNode = FALSE
	EndGlobalSection
EndGlobal
